
Microsoft Visual Studio Solution File, Format Version 12.00
# Visual Studio Version 17
VisualStudioVersion = 17.2.32630.192
MinimumVisualStudioVersion = 10.0.40219.1
Project("{FAE04EC0-301F-11D3-BF4B-00C04F79EFBC}") = "ConsoleApp", "ConsoleApp\ConsoleApp.csproj", "{BFF5681E-98CC-44C8-B359-6CA586B20E56}"
EndProject
Project("{FAE04EC0-301F-11D3-BF4B-00C04F79EFBC}") = "Vehicles", "Vehicle\Vehicles.csproj", "{088325FB-38B6-472F-9EC0-EB6B3F85C47D}"
EndProject
Global
	GlobalSection(SolutionConfigurationPlatforms) = preSolution
		Debug|Any CPU = Debug|Any CPU
		Release|Any CPU = Release|Any CPU
	EndGlobalSection
	GlobalSection(ProjectConfigurationPlatforms) = postSolution
		{BFF5681E-98CC-44C8-B359-6CA586B20E56}.Debug|Any CPU.ActiveCfg = Debug|Any CPU
		{BFF5681E-98CC-44C8-B359-6CA586B20E56}.Debug|Any CPU.Build.0 = Debug|Any CPU
		{BFF5681E-98CC-44C8-B359-6CA586B20E56}.Release|Any CPU.ActiveCfg = Release|Any CPU
		{BFF5681E-98CC-44C8-B359-6CA586B20E56}.Release|Any CPU.Build.0 = Release|Any CPU
		{088325FB-38B6-472F-9EC0-EB6B3F85C47D}.Debug|Any CPU.ActiveCfg = Debug|Any CPU
		{088325FB-38B6-472F-9EC0-EB6B3F85C47D}.Debug|Any CPU.Build.0 = Debug|Any CPU
		{088325FB-38B6-472F-9EC0-EB6B3F85C47D}.Release|Any CPU.ActiveCfg = Release|Any CPU
		{088325FB-38B6-472F-9EC0-EB6B3F85C47D}.Release|Any CPU.Build.0 = Release|Any CPU
	EndGlobalSection
	GlobalSection(SolutionProperties) = preSolution
		HideSolutionNode = FALSE
	EndGlobalSection
	GlobalSection(ExtensibilityGlobals) = postSolution
		SolutionGuid = {CA56D7FD-9626-458B-B96A-58BB0C8C70CE}
	EndGlobalSection
EndGlobal
